{
  "version": 4,
  "terraform_version": "1.5.7",
  "serial": 75,
  "lineage": "fe6646ba-7ac8-d28b-4404-c8aa4bcf290f",
  "outputs": {
    "public_ip": {
      "value": "20.108.139.215,20.108.140.75,20.108.140.117,20.108.140.139,20.108.140.232,20.108.141.177,20.90.134.15",
      "type": "string"
    }
  },
  "resources": [
    {
      "mode": "managed",
      "type": "azurerm_linux_web_app",
      "name": "app",
      "provider": "provider[\"registry.terraform.io/hashicorp/azurerm\"]",
      "instances": [
        {
          "schema_version": 1,
          "attributes": {
            "app_settings": {
              "GROQ_API_KEY": "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",
              "LANGCHAIN_API_KEY": "ls__53a5d037152b4c8da8e98546c8adfc4f",
              "LANGCHAIN_PROJECT": "ui-engineer",
              "LANGCHAIN_TRACING_V2": "true",
              "WEBSITES_ENABLE_APP_SERVICE_STORAGE": "false",
              "WEBSITES_PORT": "8000"
            },
            "auth_settings": [],
            "auth_settings_v2": [],
            "backup": [],
            "client_affinity_enabled": false,
            "client_certificate_enabled": false,
            "client_certificate_exclusion_paths": "",
            "client_certificate_mode": "Required",
            "connection_string": [],
            "custom_domain_verification_id": "B06A589A703DB32BBA61DAB553364FA2F356EBA54F257BB61C6947BB40F61D6A",
            "default_hostname": "ui-engineer-app.azurewebsites.net",
            "enabled": true,
            "ftp_publish_basic_authentication_enabled": true,
            "hosting_environment_id": "",
            "https_only": true,
            "id": "/subscriptions/cb431354-bb23-45e3-9662-1d26c03299a0/resourceGroups/ui-engineer-rg/providers/Microsoft.Web/sites/ui-engineer-app",
            "identity": [],
            "key_vault_reference_identity_id": "SystemAssigned",
            "kind": "app,linux,container",
            "location": "uksouth",
            "logs": [],
            "name": "ui-engineer-app",
            "outbound_ip_address_list": [
              "20.108.139.215",
              "20.108.140.75",
              "20.108.140.117",
              "20.108.140.139",
              "20.108.140.232",
              "20.108.141.177",
              "20.90.134.15"
            ],
            "outbound_ip_addresses": "20.108.139.215,20.108.140.75,20.108.140.117,20.108.140.139,20.108.140.232,20.108.141.177,20.90.134.15",
            "possible_outbound_ip_address_list": [
              "20.108.60.145",
              "20.108.62.24",
              "20.108.137.157",
              "20.108.138.22",
              "20.108.138.118",
              "20.108.139.24",
              "20.108.139.215",
              "20.108.140.75",
              "20.108.140.117",
              "20.108.140.139",
              "20.108.140.232",
              "20.108.141.177",
              "20.108.141.188",
              "20.108.141.219",
              "20.108.141.238",
              "20.108.141.244",
              "20.108.142.23",
              "20.108.142.49",
              "20.108.142.57",
              "20.108.142.59",
              "20.108.142.63",
              "20.108.142.69",
              "20.108.142.90",
              "20.108.142.93",
              "20.90.134.15"
            ],
            "possible_outbound_ip_addresses": "20.108.60.145,20.108.62.24,20.108.137.157,20.108.138.22,20.108.138.118,20.108.139.24,20.108.139.215,20.108.140.75,20.108.140.117,20.108.140.139,20.108.140.232,20.108.141.177,20.108.141.188,20.108.141.219,20.108.141.238,20.108.141.244,20.108.142.23,20.108.142.49,20.108.142.57,20.108.142.59,20.108.142.63,20.108.142.69,20.108.142.90,20.108.142.93,20.90.134.15",
            "public_network_access_enabled": true,
            "resource_group_name": "ui-engineer-rg",
            "service_plan_id": "/subscriptions/cb431354-bb23-45e3-9662-1d26c03299a0/resourceGroups/ui-engineer-rg/providers/Microsoft.Web/serverFarms/ui-engineer-plan",
            "site_config": [
              {
                "always_on": true,
                "api_definition_url": "",
                "api_management_api_id": "",
                "app_command_line": "",
                "application_stack": [
                  {
                    "docker_image": "",
                    "docker_image_name": "shroominic/ui-engineer:latest",
                    "docker_image_tag": "",
                    "docker_registry_password": "",
                    "docker_registry_url": "https://index.docker.io",
                    "docker_registry_username": "",
                    "dotnet_version": "",
                    "go_version": "",
                    "java_server": "",
                    "java_server_version": "",
                    "java_version": "",
                    "node_version": "",
                    "php_version": "",
                    "python_version": "",
                    "ruby_version": ""
                  }
                ],
                "auto_heal_enabled": false,
                "auto_heal_setting": [],
                "container_registry_managed_identity_client_id": "",
                "container_registry_use_managed_identity": false,
                "cors": [],
                "default_documents": [
                  "Default.htm",
                  "Default.html",
                  "Default.asp",
                  "index.htm",
                  "index.html",
                  "iisstart.htm",
                  "default.aspx",
                  "index.php",
                  "hostingstart.html"
                ],
                "detailed_error_logging_enabled": false,
                "ftps_state": "Disabled",
                "health_check_eviction_time_in_min": 0,
                "health_check_path": "",
                "http2_enabled": false,
                "ip_restriction": [],
                "ip_restriction_default_action": "Allow",
                "linux_fx_version": "DOCKER|index.docker.io/shroominic/ui-engineer:latest",
                "load_balancing_mode": "LeastRequests",
                "local_mysql_enabled": false,
                "managed_pipeline_mode": "Integrated",
                "minimum_tls_version": "1.2",
                "remote_debugging_enabled": false,
                "remote_debugging_version": "VS2019",
                "scm_ip_restriction": [],
                "scm_ip_restriction_default_action": "Allow",
                "scm_minimum_tls_version": "1.2",
                "scm_type": "None",
                "scm_use_main_ip_restriction": false,
                "use_32_bit_worker": true,
                "vnet_route_all_enabled": false,
                "websockets_enabled": false,
                "worker_count": 1
              }
            ],
            "site_credential": [
              {
                "name": "$ui-engineer-app",
                "password": "NQrg1GZTpzRSc9MdRPbNLpcn1lcwtWp2rnCrHbBeGaPopM8ch9czqQkJN4kS"
              }
            ],
            "sticky_settings": [],
            "storage_account": [],
            "tags": {},
            "timeouts": null,
            "virtual_network_subnet_id": "",
            "webdeploy_publish_basic_authentication_enabled": true,
            "zip_deploy_file": ""
          },
          "sensitive_attributes": [
            [
              {
                "type": "get_attr",
                "value": "app_settings"
              },
              {
                "type": "index",
                "value": {
                  "value": "GROQ_API_KEY",
                  "type": "string"
                }
              }
            ],
            [
              {
                "type": "get_attr",
                "value": "app_settings"
              },
              {
                "type": "index",
                "value": {
                  "value": "LANGCHAIN_API_KEY",
                  "type": "string"
                }
              }
            ]
          ],
          "private": "eyJlMmJmYjczMC1lY2FhLTExZTYtOGY4OC0zNDM2M2JjN2M0YzAiOnsiY3JlYXRlIjoxODAwMDAwMDAwMDAwLCJkZWxldGUiOjE4MDAwMDAwMDAwMDAsInJlYWQiOjMwMDAwMDAwMDAwMCwidXBkYXRlIjoxODAwMDAwMDAwMDAwfSwic2NoZW1hX3ZlcnNpb24iOiIxIn0=",
          "dependencies": [
            "azurerm_resource_group.rg",
            "azurerm_service_plan.plan"
          ]
        }
      ]
    },
    {
      "mode": "managed",
      "type": "azurerm_resource_group",
      "name": "rg",
      "provider": "provider[\"registry.terraform.io/hashicorp/azurerm\"]",
      "instances": [
        {
          "schema_version": 0,
          "attributes": {
            "id": "/subscriptions/cb431354-bb23-45e3-9662-1d26c03299a0/resourceGroups/ui-engineer-rg",
            "location": "uksouth",
            "managed_by": "",
            "name": "ui-engineer-rg",
            "tags": {},
            "timeouts": null
          },
          "sensitive_attributes": [],
          "private": "eyJlMmJmYjczMC1lY2FhLTExZTYtOGY4OC0zNDM2M2JjN2M0YzAiOnsiY3JlYXRlIjo1NDAwMDAwMDAwMDAwLCJkZWxldGUiOjU0MDAwMDAwMDAwMDAsInJlYWQiOjMwMDAwMDAwMDAwMCwidXBkYXRlIjo1NDAwMDAwMDAwMDAwfX0="
        }
      ]
    },
    {
      "mode": "managed",
      "type": "azurerm_service_plan",
      "name": "plan",
      "provider": "provider[\"registry.terraform.io/hashicorp/azurerm\"]",
      "instances": [
        {
          "schema_version": 1,
          "attributes": {
            "app_service_environment_id": "",
            "id": "/subscriptions/cb431354-bb23-45e3-9662-1d26c03299a0/resourceGroups/ui-engineer-rg/providers/Microsoft.Web/serverFarms/ui-engineer-plan",
            "kind": "linux",
            "location": "uksouth",
            "maximum_elastic_worker_count": 1,
            "name": "ui-engineer-plan",
            "os_type": "Linux",
            "per_site_scaling_enabled": false,
            "reserved": true,
            "resource_group_name": "ui-engineer-rg",
            "sku_name": "P1v2",
            "tags": {},
            "timeouts": null,
            "worker_count": 1,
            "zone_balancing_enabled": false
          },
          "sensitive_attributes": [],
          "private": "eyJlMmJmYjczMC1lY2FhLTExZTYtOGY4OC0zNDM2M2JjN2M0YzAiOnsiY3JlYXRlIjozNjAwMDAwMDAwMDAwLCJkZWxldGUiOjM2MDAwMDAwMDAwMDAsInJlYWQiOjMwMDAwMDAwMDAwMCwidXBkYXRlIjozNjAwMDAwMDAwMDAwfSwic2NoZW1hX3ZlcnNpb24iOiIxIn0=",
          "dependencies": [
            "azurerm_resource_group.rg"
          ]
        }
      ]
    }
  ],
  "check_results": null
}
